{
  "name": "js_tutorial",
  "lockfileVersion": 2,
  "requires": true,
  "packages": {
    "": {
      "dependencies": {
        "jnorton-palindrome": "^0.1.1"
      }
    },
    "node_modules/jnorton-palindrome": {
      "version": "0.1.1",
      "resolved": "https://registry.npmjs.org/jnorton-palindrome/-/jnorton-palindrome-0.1.1.tgz",
      "integrity": "sha512-GNYyhZiGOsdYlxwemmlTZEeE06rb1cuOUqbeuACUtfCwhZF6JKmGuQwGWR3bB/qbmiCzhGjz7tnyVZv9EPh49w=="
    }
  },
  "dependencies": {
    "jnorton-palindrome": {
      "version": "0.1.1",
      "resolved": "https://registry.npmjs.org/jnorton-palindrome/-/jnorton-palindrome-0.1.1.tgz",
      "integrity": "sha512-GNYyhZiGOsdYlxwemmlTZEeE06rb1cuOUqbeuACUtfCwhZF6JKmGuQwGWR3bB/qbmiCzhGjz7tnyVZv9EPh49w=="
    }
  }
}
